
Microsoft Visual Studio Solution File, Format Version 12.00
# Visual Studio 15
VisualStudioVersion = 15.0.27703.2035
MinimumVisualStudioVersion = 10.0.40219.1
Project("{8BC9CEB8-8B4A-11D0-8D11-00A0C91BC942}") = "SDL BASIC", "SDL BASIC.vcxproj", "{DDFA3DF3-BABB-4862-A6AF-E62D89300C23}"
EndProject
Global
	GlobalSection(SolutionConfigurationPlatforms) = preSolution
		Debug|x64 = Debug|x64
		Debug|x86 = Debug|x86
		Release|x64 = Release|x64
		Release|x86 = Release|x86
	EndGlobalSection
	GlobalSection(ProjectConfigurationPlatforms) = postSolution
		{DDFA3DF3-BABB-4862-A6AF-E62D89300C23}.Debug|x64.ActiveCfg = Debug|x64
		{DDFA3DF3-BABB-4862-A6AF-E62D89300C23}.Debug|x64.Build.0 = Debug|x64
		{DDFA3DF3-BABB-4862-A6AF-E62D89300C23}.Debug|x86.ActiveCfg = Debug|Win32
		{DDFA3DF3-BABB-4862-A6AF-E62D89300C23}.Debug|x86.Build.0 = Debug|Win32
		{DDFA3DF3-BABB-4862-A6AF-E62D89300C23}.Release|x64.ActiveCfg = Release|x64
		{DDFA3DF3-BABB-4862-A6AF-E62D89300C23}.Release|x64.Build.0 = Release|x64
		{DDFA3DF3-BABB-4862-A6AF-E62D89300C23}.Release|x86.ActiveCfg = Release|Win32
		{DDFA3DF3-BABB-4862-A6AF-E62D89300C23}.Release|x86.Build.0 = Release|Win32
	EndGlobalSection
	GlobalSection(SolutionProperties) = preSolution
		HideSolutionNode = FALSE
	EndGlobalSection
	GlobalSection(ExtensibilityGlobals) = postSolution
		SolutionGuid = {5BC1C9B3-DAAE-4A2D-9667-B9C8356D2CB7}
	EndGlobalSection
EndGlobal
